
Microsoft Visual Studio Solution File, Format Version 12.00
# Visual Studio Version 17
VisualStudioVersion = 17.0.31903.59
MinimumVisualStudioVersion = 10.0.40219.1
Project("{2150E333-8FDC-42A3-9474-1A3956D46DE8}") = "Solution Items", "Solution Items", "{A91B01A6-3CE9-4988-BC28-91D76B4DAA8E}"
	ProjectSection(SolutionItems) = preProject
		.editorconfig = .editorconfig
		Directory.Build.Props = Directory.Build.Props
	EndProjectSection
EndProject
Project("{FAE04EC0-301F-11D3-BF4B-00C04F79EFBC}") = "SelfHostApplication.HostApi", "SelfHostApplication.HostApi\SelfHostApplication.HostApi.csproj", "{E1B5713D-F158-4E4A-86D1-8D7C94926F4C}"
EndProject
Project("{FAE04EC0-301F-11D3-BF4B-00C04F79EFBC}") = "SelfHostApplication.WindowsClient", "SelfHostApplication.WindowsClient\SelfHostApplication.WindowsClient.csproj", "{86BB0ECE-9861-4F33-BECE-DEEDF34CAC48}"
EndProject
Global
	GlobalSection(SolutionConfigurationPlatforms) = preSolution
		Debug|Any CPU = Debug|Any CPU
		Release|Any CPU = Release|Any CPU
	EndGlobalSection
	GlobalSection(ProjectConfigurationPlatforms) = postSolution
		{E1B5713D-F158-4E4A-86D1-8D7C94926F4C}.Debug|Any CPU.ActiveCfg = Debug|Any CPU
		{E1B5713D-F158-4E4A-86D1-8D7C94926F4C}.Debug|Any CPU.Build.0 = Debug|Any CPU
		{E1B5713D-F158-4E4A-86D1-8D7C94926F4C}.Release|Any CPU.ActiveCfg = Release|Any CPU
		{E1B5713D-F158-4E4A-86D1-8D7C94926F4C}.Release|Any CPU.Build.0 = Release|Any CPU
		{86BB0ECE-9861-4F33-BECE-DEEDF34CAC48}.Debug|Any CPU.ActiveCfg = Debug|Any CPU
		{86BB0ECE-9861-4F33-BECE-DEEDF34CAC48}.Debug|Any CPU.Build.0 = Debug|Any CPU
		{86BB0ECE-9861-4F33-BECE-DEEDF34CAC48}.Release|Any CPU.ActiveCfg = Release|Any CPU
		{86BB0ECE-9861-4F33-BECE-DEEDF34CAC48}.Release|Any CPU.Build.0 = Release|Any CPU
	EndGlobalSection
	GlobalSection(SolutionProperties) = preSolution
		HideSolutionNode = FALSE
	EndGlobalSection
	GlobalSection(ExtensibilityGlobals) = postSolution
		SolutionGuid = {EA945F0E-81BC-41DF-B0B0-DC557359BBAD}
	EndGlobalSection
EndGlobal
